
Microsoft Visual Studio Solution File, Format Version 12.00
# Visual Studio 15
VisualStudioVersion = 15.0.27130.2020
MinimumVisualStudioVersion = 10.0.40219.1
Project("{FAE04EC0-301F-11D3-BF4B-00C04F79EFBC}") = "GenericDataRepository", "GenericDataRepository\GenericDataRepository.csproj", "{AB73DA0B-EAA3-4764-A8C8-3DE0B7ADEFD8}"
EndProject
Global
	GlobalSection(SolutionConfigurationPlatforms) = preSolution
		Debug|Any CPU = Debug|Any CPU
		Release|Any CPU = Release|Any CPU
	EndGlobalSection
	GlobalSection(ProjectConfigurationPlatforms) = postSolution
		{AB73DA0B-EAA3-4764-A8C8-3DE0B7ADEFD8}.Debug|Any CPU.ActiveCfg = Debug|Any CPU
		{AB73DA0B-EAA3-4764-A8C8-3DE0B7ADEFD8}.Debug|Any CPU.Build.0 = Debug|Any CPU
		{AB73DA0B-EAA3-4764-A8C8-3DE0B7ADEFD8}.Release|Any CPU.ActiveCfg = Release|Any CPU
		{AB73DA0B-EAA3-4764-A8C8-3DE0B7ADEFD8}.Release|Any CPU.Build.0 = Release|Any CPU
	EndGlobalSection
	GlobalSection(SolutionProperties) = preSolution
		HideSolutionNode = FALSE
	EndGlobalSection
	GlobalSection(ExtensibilityGlobals) = postSolution
		SolutionGuid = {5EE74BA4-4668-459D-97F6-899D2AC9D2E1}
	EndGlobalSection
EndGlobal
